// !$*UTF8*$!
{
	archiveVersion = 1;
	classes = {
	};
	objectVersion = 46;
	objects = {

/* Begin PBXBuildFile section */
		A2FF3AD51DF9E5840071FF25 /* AppDelegate.swift in Sources */ = {isa = PBXBuildFile; fileRef = A2FF3AD41DF9E5840071FF25 /* AppDelegate.swift */; };
		A2FF3AD71DF9E5840071FF25 /* ViewController.swift in Sources */ = {isa = PBXBuildFile; fileRef = A2FF3AD61DF9E5840071FF25 /* ViewController.swift */; };
		A2FF3ADA1DF9E5840071FF25 /* Main.storyboard in Resources */ = {isa = PBXBuildFile; fileRef = A2FF3AD81DF9E5840071FF25 /* Main.storyboard */; };
		A2FF3ADC1DF9E5840071FF25 /* Assets.xcassets in Resources */ = {isa = PBXBuildFile; fileRef = A2FF3ADB1DF9E5840071FF25 /* Assets.xcassets */; };
		A2FF3ADF1DF9E5840071FF25 /* LaunchScreen.storyboard in Resources */ = {isa = PBXBuildFile; fileRef = A2FF3ADD1DF9E5840071FF25 /* LaunchScreen.storyboard */; };
		A2FF3AE71DF9E5BD0071FF25 /* APIRequestManager.swift in Sources */ = {isa = PBXBuildFile; fileRef = A2FF3AE61DF9E5BD0071FF25 /* APIRequestManager.swift */; };
		A2FF3AEA1DF9E63D0071FF25 /* Elements.swift in Sources */ = {isa = PBXBuildFile; fileRef = A2FF3AE91DF9E63D0071FF25 /* Elements.swift */; };
		A2FF3AED1DF9E9990071FF25 /* elementsTableViewController.swift in Sources */ = {isa = PBXBuildFile; fileRef = A2FF3AEC1DF9E9990071FF25 /* elementsTableViewController.swift */; };
/* End PBXBuildFile section */

/* Begin PBXFileReference section */
		A2FF3AD11DF9E5840071FF25 /* AC3.2-MidtermElements.app */ = {isa = PBXFileReference; explicitFileType = wrapper.application; includeInIndex = 0; path = "AC3.2-MidtermElements.app"; sourceTree = BUILT_PRODUCTS_DIR; };
		A2FF3AD41DF9E5840071FF25 /* AppDelegate.swift */ = {isa = PBXFileReference; lastKnownFileType = sourcecode.swift; path = AppDelegate.swift; sourceTree = "<group>"; };
		A2FF3AD61DF9E5840071FF25 /* ViewController.swift */ = {isa = PBXFileReference; lastKnownFileType = sourcecode.swift; path = ViewController.swift; sourceTree = "<group>"; };
		A2FF3AD91DF9E5840071FF25 /* Base */ = {isa = PBXFileReference; lastKnownFileType = file.storyboard; name = Base; path = Base.lproj/Main.storyboard; sourceTree = "<group>"; };
		A2FF3ADB1DF9E5840071FF25 /* Assets.xcassets */ = {isa = PBXFileReference; lastKnownFileType = folder.assetcatalog; path = Assets.xcassets; sourceTree = "<group>"; };
		A2FF3ADE1DF9E5840071FF25 /* Base */ = {isa = PBXFileReference; lastKnownFileType = file.storyboard; name = Base; path = Base.lproj/LaunchScreen.storyboard; sourceTree = "<group>"; };
		A2FF3AE01DF9E5840071FF25 /* Info.plist */ = {isa = PBXFileReference; lastKnownFileType = text.plist.xml; path = Info.plist; sourceTree = "<group>"; };
		A2FF3AE61DF9E5BD0071FF25 /* APIRequestManager.swift */ = {isa = PBXFileReference; fileEncoding = 4; lastKnownFileType = sourcecode.swift; path = APIRequestManager.swift; sourceTree = "<group>"; };
		A2FF3AE91DF9E63D0071FF25 /* Elements.swift */ = {isa = PBXFileReference; fileEncoding = 4; lastKnownFileType = sourcecode.swift; path = Elements.swift; sourceTree = "<group>"; };
		A2FF3AEC1DF9E9990071FF25 /* elementsTableViewController.swift */ = {isa = PBXFileReference; fileEncoding = 4; lastKnownFileType = sourcecode.swift; path = elementsTableViewController.swift; sourceTree = "<group>"; };
/* End PBXFileReference section */

/* Begin PBXFrameworksBuildPhase section */
		A2FF3ACE1DF9E5840071FF25 /* Frameworks */ = {
			isa = PBXFrameworksBuildPhase;
			buildActionMask = 2147483647;
			files = (
			);
			runOnlyForDeploymentPostprocessing = 0;
		};
/* End PBXFrameworksBuildPhase section */

/* Begin PBXGroup section */
		A2FF3AC81DF9E5840071FF25 = {
			isa = PBXGroup;
			children = (
				A2FF3AD31DF9E5840071FF25 /* AC3.2-MidtermElements */,
				A2FF3AD21DF9E5840071FF25 /* Products */,
			);
			sourceTree = "<group>";
		};
		A2FF3AD21DF9E5840071FF25 /* Products */ = {
			isa = PBXGroup;
			children = (
				A2FF3AD11DF9E5840071FF25 /* AC3.2-MidtermElements.app */,
			);
			name = Products;
			sourceTree = "<group>";
		};
		A2FF3AD31DF9E5840071FF25 /* AC3.2-MidtermElements */ = {
			isa = PBXGroup;
			children = (
				A2FF3AD41DF9E5840071FF25 /* AppDelegate.swift */,
				A2FF3AE61DF9E5BD0071FF25 /* APIRequestManager.swift */,
				A2FF3AEB1DF9E6430071FF25 /* Model */,
				A2FF3AE81DF9E5D50071FF25 /* View Controllers */,
				A2FF3AD81DF9E5840071FF25 /* Main.storyboard */,
				A2FF3ADB1DF9E5840071FF25 /* Assets.xcassets */,
				A2FF3ADD1DF9E5840071FF25 /* LaunchScreen.storyboard */,
				A2FF3AE01DF9E5840071FF25 /* Info.plist */,
			);
			path = "AC3.2-MidtermElements";
			sourceTree = "<group>";
		};
		A2FF3AE81DF9E5D50071FF25 /* View Controllers */ = {
			isa = PBXGroup;
			children = (
				A2FF3AD61DF9E5840071FF25 /* ViewController.swift */,
				A2FF3AEC1DF9E9990071FF25 /* elementsTableViewController.swift */,
			);
			name = "View Controllers";
			sourceTree = "<group>";
		};
		A2FF3AEB1DF9E6430071FF25 /* Model */ = {
			isa = PBXGroup;
			children = (
				A2FF3AE91DF9E63D0071FF25 /* Elements.swift */,
			);
			name = Model;
			sourceTree = "<group>";
		};
/* End PBXGroup section */

/* Begin PBXNativeTarget section */
		A2FF3AD01DF9E5840071FF25 /* AC3.2-MidtermElements */ = {
			isa = PBXNativeTarget;
			buildConfigurationList = A2FF3AE31DF9E5840071FF25 /* Build configuration list for PBXNativeTarget "AC3.2-MidtermElements" */;
			buildPhases = (
				A2FF3ACD1DF9E5840071FF25 /* Sources */,
				A2FF3ACE1DF9E5840071FF25 /* Frameworks */,
				A2FF3ACF1DF9E5840071FF25 /* Resources */,
			);
			buildRules = (
			);
			dependencies = (
			);
			name = "AC3.2-MidtermElements";
			productName = "AC3.2-MidtermElements";
			productReference = A2FF3AD11DF9E5840071FF25 /* AC3.2-MidtermElements.app */;
			productType = "com.apple.product-type.application";
		};
/* End PBXNativeTarget section */

/* Begin PBXProject section */
		A2FF3AC91DF9E5840071FF25 /* Project object */ = {
			isa = PBXProject;
			attributes = {
				LastSwiftUpdateCheck = 0810;
				LastUpgradeCheck = 0810;
				ORGANIZATIONNAME = Kadell;
				TargetAttributes = {
					A2FF3AD01DF9E5840071FF25 = {
						CreatedOnToolsVersion = 8.1;
						ProvisioningStyle = Automatic;
					};
				};
			};
			buildConfigurationList = A2FF3ACC1DF9E5840071FF25 /* Build configuration list for PBXProject "AC3.2-MidtermElements" */;
			compatibilityVersion = "Xcode 3.2";
			developmentRegion = English;
			hasScannedForEncodings = 0;
			knownRegions = (
				en,
				Base,
			);
			mainGroup = A2FF3AC81DF9E5840071FF25;
			productRefGroup = A2FF3AD21DF9E5840071FF25 /* Products */;
			projectDirPath = "";
			projectRoot = "";
			targets = (
				A2FF3AD01DF9E5840071FF25 /* AC3.2-MidtermElements */,
			);
		};
/* End PBXProject section */

/* Begin PBXResourcesBuildPhase section */
		A2FF3ACF1DF9E5840071FF25 /* Resources */ = {
			isa = PBXResourcesBuildPhase;
			buildActionMask = 2147483647;
			files = (
				A2FF3ADF1DF9E5840071FF25 /* LaunchScreen.storyboard in Resources */,
				A2FF3ADC1DF9E5840071FF25 /* Assets.xcassets in Resources */,
				A2FF3ADA1DF9E5840071FF25 /* Main.storyboard in Resources */,
			);
			runOnlyForDeploymentPostprocessing = 0;
		};
/* End PBXResourcesBuildPhase section */

/* Begin PBXSourcesBuildPhase section */
		A2FF3ACD1DF9E5840071FF25 /* Sources */ = {
			isa = PBXSourcesBuildPhase;
			buildActionMask = 2147483647;
			files = (
				A2FF3AE71DF9E5BD0071FF25 /* APIRequestManager.swift in Sources */,
				A2FF3AD71DF9E5840071FF25 /* ViewController.swift in Sources */,
				A2FF3AEA1DF9E63D0071FF25 /* Elements.swift in Sources */,
				A2FF3AED1DF9E9990071FF25 /* elementsTableViewController.swift in Sources */,
				A2FF3AD51DF9E5840071FF25 /* AppDelegate.swift in Sources */,
			);
			runOnlyForDeploymentPostprocessing = 0;
		};
/* End PBXSourcesBuildPhase section */

/* Begin PBXVariantGroup section */
		A2FF3AD81DF9E5840071FF25 /* Main.storyboard */ = {
			isa = PBXVariantGroup;
			children = (
				A2FF3AD91DF9E5840071FF25 /* Base */,
			);
			name = Main.storyboard;
			sourceTree = "<group>";
		};
		A2FF3ADD1DF9E5840071FF25 /* LaunchScreen.storyboard */ = {
			isa = PBXVariantGroup;
			children = (
				A2FF3ADE1DF9E5840071FF25 /* Base */,
			);
			name = LaunchScreen.storyboard;
			sourceTree = "<group>";
		};
/* End PBXVariantGroup section */

/* Begin XCBuildConfiguration section */
		A2FF3AE11DF9E5840071FF25 /* Debug */ = {
			isa = XCBuildConfiguration;
			buildSettings = {
				ALWAYS_SEARCH_USER_PATHS = NO;
				CLANG_ANALYZER_NONNULL = YES;
				CLANG_CXX_LANGUAGE_STANDARD = "gnu++0x";
				CLANG_CXX_LIBRARY = "libc++";
				CLANG_ENABLE_MODULES = YES;
				CLANG_ENABLE_OBJC_ARC = YES;
				CLANG_WARN_BOOL_CONVERSION = YES;
				CLANG_WARN_CONSTANT_CONVERSION = YES;
				CLANG_WARN_DIRECT_OBJC_ISA_USAGE = YES_ERROR;
				CLANG_WARN_DOCUMENTATION_COMMENTS = YES;
				CLANG_WARN_EMPTY_BODY = YES;
				CLANG_WARN_ENUM_CONVERSION = YES;
				CLANG_WARN_INFINITE_RECURSION = YES;
				CLANG_WARN_INT_CONVERSION = YES;
				CLANG_WARN_OBJC_ROOT_CLASS = YES_ERROR;
				CLANG_WARN_SUSPICIOUS_MOVES = YES;
				CLANG_WARN_UNREACHABLE_CODE = YES;
				CLANG_WARN__DUPLICATE_METHOD_MATCH = YES;
				"CODE_SIGN_IDENTITY[sdk=iphoneos*]" = "iPhone Developer";
				COPY_PHASE_STRIP = NO;
				DEBUG_INFORMATION_FORMAT = dwarf;
				ENABLE_STRICT_OBJC_MSGSEND = YES;
				ENABLE_TESTABILITY = YES;
				GCC_C_LANGUAGE_STANDARD = gnu99;
				GCC_DYNAMIC_NO_PIC = NO;
				GCC_NO_COMMON_BLOCKS = YES;
				GCC_OPTIMIZATION_LEVEL = 0;
				GCC_PREPROCESSOR_DEFINITIONS = (
					"DEBUG=1",
					"$(inherited)",
				);
				GCC_WARN_64_TO_32_BIT_CONVERSION = YES;
				GCC_WARN_ABOUT_RETURN_TYPE = YES_ERROR;
				GCC_WARN_UNDECLARED_SELECTOR = YES;
				GCC_WARN_UNINITIALIZED_AUTOS = YES_AGGRESSIVE;
				GCC_WARN_UNUSED_FUNCTION = YES;
				GCC_WARN_UNUSED_VARIABLE = YES;
				IPHONEOS_DEPLOYMENT_TARGET = 10.1;
				MTL_ENABLE_DEBUG_INFO = YES;
				ONLY_ACTIVE_ARCH = YES;
				SDKROOT = iphoneos;
				SWIFT_ACTIVE_COMPILATION_CONDITIONS = DEBUG;
				SWIFT_OPTIMIZATION_LEVEL = "-Onone";
				TARGETED_DEVICE_FAMILY = "1,2";
			};
			name = Debug;
		};
		A2FF3AE21DF9E5840071FF25 /* Release */ = {
			isa = XCBuildConfiguration;
			buildSettings = {
				ALWAYS_SEARCH_USER_PATHS = NO;
				CLANG_ANALYZER_NONNULL = YES;
				CLANG_CXX_LANGUAGE_STANDARD = "gnu++0x";
				CLANG_CXX_LIBRARY = "libc++";
				CLANG_ENABLE_MODULES = YES;
				CLANG_ENABLE_OBJC_ARC = YES;
				CLANG_WARN_BOOL_CONVERSION = YES;
				CLANG_WARN_CONSTANT_CONVERSION = YES;
				CLANG_WARN_DIRECT_OBJC_ISA_USAGE = YES_ERROR;
				CLANG_WARN_DOCUMENTATION_COMMENTS = YES;
				CLANG_WARN_EMPTY_BODY = YES;
				CLANG_WARN_ENUM_CONVERSION = YES;
				CLANG_WARN_INFINITE_RECURSION = YES;
				CLANG_WARN_INT_CONVERSION = YES;
				CLANG_WARN_OBJC_ROOT_CLASS = YES_ERROR;
				CLANG_WARN_SUSPICIOUS_MOVES = YES;
				CLANG_WARN_UNREACHABLE_CODE = YES;
				CLANG_WARN__DUPLICATE_METHOD_MATCH = YES;
				"CODE_SIGN_IDENTITY[sdk=iphoneos*]" = "iPhone Developer";
				COPY_PHASE_STRIP = NO;
				DEBUG_INFORMATION_FORMAT = "dwarf-with-dsym";
				ENABLE_NS_ASSERTIONS = NO;
				ENABLE_STRICT_OBJC_MSGSEND = YES;
				GCC_C_LANGUAGE_STANDARD = gnu99;
				GCC_NO_COMMON_BLOCKS = YES;
				GCC_WARN_64_TO_32_BIT_CONVERSION = YES;
				GCC_WARN_ABOUT_RETURN_TYPE = YES_ERROR;
				GCC_WARN_UNDECLARED_SELECTOR = YES;
				GCC_WARN_UNINITIALIZED_AUTOS = YES_AGGRESSIVE;
				GCC_WARN_UNUSED_FUNCTION = YES;
				GCC_WARN_UNUSED_VARIABLE = YES;
				IPHONEOS_DEPLOYMENT_TARGET = 10.1;
				MTL_ENABLE_DEBUG_INFO = NO;
				SDKROOT = iphoneos;
				SWIFT_OPTIMIZATION_LEVEL = "-Owholemodule";
				TARGETED_DEVICE_FAMILY = "1,2";
				VALIDATE_PRODUCT = YES;
			};
			name = Release;
		};
		A2FF3AE41DF9E5840071FF25 /* Debug */ = {
			isa = XCBuildConfiguration;
			buildSettings = {
				ASSETCATALOG_COMPILER_APPICON_NAME = AppIcon;
				INFOPLIST_FILE = "AC3.2-MidtermElements/Info.plist";
				LD_RUNPATH_SEARCH_PATHS = "$(inherited) @executable_path/Frameworks";
				PRODUCT_BUNDLE_IDENTIFIER = "com.Example.AC3-2-MidtermElements";
				PRODUCT_NAME = "$(TARGET_NAME)";
				SWIFT_VERSION = 3.0;
			};
			name = Debug;
		};
		A2FF3AE51DF9E5840071FF25 /* Release */ = {
			isa = XCBuildConfiguration;
			buildSettings = {
				ASSETCATALOG_COMPILER_APPICON_NAME = AppIcon;
				INFOPLIST_FILE = "AC3.2-MidtermElements/Info.plist";
				LD_RUNPATH_SEARCH_PATHS = "$(inherited) @executable_path/Frameworks";
				PRODUCT_BUNDLE_IDENTIFIER = "com.Example.AC3-2-MidtermElements";
				PRODUCT_NAME = "$(TARGET_NAME)";
				SWIFT_VERSION = 3.0;
			};
			name = Release;
		};
/* End XCBuildConfiguration section */

/* Begin XCConfigurationList section */
		A2FF3ACC1DF9E5840071FF25 /* Build configuration list for PBXProject "AC3.2-MidtermElements" */ = {
			isa = XCConfigurationList;
			buildConfigurations = (
				A2FF3AE11DF9E5840071FF25 /* Debug */,
				A2FF3AE21DF9E5840071FF25 /* Release */,
			);
			defaultConfigurationIsVisible = 0;
			defaultConfigurationName = Release;
		};
		A2FF3AE31DF9E5840071FF25 /* Build configuration list for PBXNativeTarget "AC3.2-MidtermElements" */ = {
			isa = XCConfigurationList;
			buildConfigurations = (
				A2FF3AE41DF9E5840071FF25 /* Debug */,
				A2FF3AE51DF9E5840071FF25 /* Release */,
			);
			defaultConfigurationIsVisible = 0;
		};
/* End XCConfigurationList section */
	};
	rootObject = A2FF3AC91DF9E5840071FF25 /* Project object */;
}
